
Microsoft Visual Studio Solution File, Format Version 11.00
# Visual Studio 2010
Project("{FAE04EC0-301F-11D3-BF4B-00C04F79EFBC}") = "SOAPServices", "SOAPServices\SOAPServices.csproj", "{1FEFDCF6-EC45-4A25-9408-038628F3E61D}"
EndProject
Project("{2150E333-8FDC-42A3-9474-1A3956D46DE8}") = "Librerias", "Librerias", "{645219BF-886D-4BAE-85CB-468457DAEE3C}"
	ProjectSection(SolutionItems) = preProject
		Librerias\Iesi.Collections.dll = Librerias\Iesi.Collections.dll
		Librerias\NHibernate.dll = Librerias\NHibernate.dll
	EndProjectSection
EndProject
Global
	GlobalSection(SolutionConfigurationPlatforms) = preSolution
		Debug|Any CPU = Debug|Any CPU
		Release|Any CPU = Release|Any CPU
	EndGlobalSection
	GlobalSection(ProjectConfigurationPlatforms) = postSolution
		{1FEFDCF6-EC45-4A25-9408-038628F3E61D}.Debug|Any CPU.ActiveCfg = Debug|Any CPU
		{1FEFDCF6-EC45-4A25-9408-038628F3E61D}.Debug|Any CPU.Build.0 = Debug|Any CPU
		{1FEFDCF6-EC45-4A25-9408-038628F3E61D}.Release|Any CPU.ActiveCfg = Release|Any CPU
		{1FEFDCF6-EC45-4A25-9408-038628F3E61D}.Release|Any CPU.Build.0 = Release|Any CPU
	EndGlobalSection
	GlobalSection(SolutionProperties) = preSolution
		HideSolutionNode = FALSE
	EndGlobalSection
EndGlobal
